
Microsoft Visual Studio Solution File, Format Version 12.00
# Visual Studio Version 17
VisualStudioVersion = 17.0.31903.59
MinimumVisualStudioVersion = 10.0.40219.1
Project("{2150E333-8FDC-42A3-9474-1A3956D46DE8}") = "src", "src", "{DA8FD59E-7180-4BB3-ABAC-AB5297C70E12}"
EndProject
Project("{FAE04EC0-301F-11D3-BF4B-00C04F79EFBC}") = "Domain", "src\Domain\Domain.csproj", "{0489EA05-388A-4900-AA97-E2F117B2BD55}"
EndProject
Project("{FAE04EC0-301F-11D3-BF4B-00C04F79EFBC}") = "Application", "src\Application\Application.csproj", "{23DB37DB-08E7-4BEC-B335-7B0312F2FB85}"
EndProject
Project("{2150E333-8FDC-42A3-9474-1A3956D46DE8}") = "tests", "tests", "{5E850C09-E2AD-4117-8653-FECD4A6F7C02}"
EndProject
Project("{FAE04EC0-301F-11D3-BF4B-00C04F79EFBC}") = "Tests", "tests\Tests\Tests.csproj", "{FA49DDDD-2978-401F-9FBE-C5B4FC34D450}"
EndProject
Project("{FAE04EC0-301F-11D3-BF4B-00C04F79EFBC}") = "WebApi", "src\WebApi\WebApi.csproj", "{07C069A1-47D9-467E-B745-A6DB80909FAE}"
EndProject
Project("{FAE04EC0-301F-11D3-BF4B-00C04F79EFBC}") = "AppHost", "src\AppHost\AppHost.csproj", "{32338B38-6225-4C44-9F55-8ECD02E23916}"
EndProject
Global
	GlobalSection(SolutionConfigurationPlatforms) = preSolution
		Debug|Any CPU = Debug|Any CPU
		Release|Any CPU = Release|Any CPU
	EndGlobalSection
	GlobalSection(SolutionProperties) = preSolution
		HideSolutionNode = FALSE
	EndGlobalSection
	GlobalSection(ProjectConfigurationPlatforms) = postSolution
		{0489EA05-388A-4900-AA97-E2F117B2BD55}.Debug|Any CPU.ActiveCfg = Debug|Any CPU
		{0489EA05-388A-4900-AA97-E2F117B2BD55}.Debug|Any CPU.Build.0 = Debug|Any CPU
		{0489EA05-388A-4900-AA97-E2F117B2BD55}.Release|Any CPU.ActiveCfg = Release|Any CPU
		{0489EA05-388A-4900-AA97-E2F117B2BD55}.Release|Any CPU.Build.0 = Release|Any CPU
		{23DB37DB-08E7-4BEC-B335-7B0312F2FB85}.Debug|Any CPU.ActiveCfg = Debug|Any CPU
		{23DB37DB-08E7-4BEC-B335-7B0312F2FB85}.Debug|Any CPU.Build.0 = Debug|Any CPU
		{23DB37DB-08E7-4BEC-B335-7B0312F2FB85}.Release|Any CPU.ActiveCfg = Release|Any CPU
		{23DB37DB-08E7-4BEC-B335-7B0312F2FB85}.Release|Any CPU.Build.0 = Release|Any CPU
		{FA49DDDD-2978-401F-9FBE-C5B4FC34D450}.Debug|Any CPU.ActiveCfg = Debug|Any CPU
		{FA49DDDD-2978-401F-9FBE-C5B4FC34D450}.Debug|Any CPU.Build.0 = Debug|Any CPU
		{FA49DDDD-2978-401F-9FBE-C5B4FC34D450}.Release|Any CPU.ActiveCfg = Release|Any CPU
		{FA49DDDD-2978-401F-9FBE-C5B4FC34D450}.Release|Any CPU.Build.0 = Release|Any CPU
		{07C069A1-47D9-467E-B745-A6DB80909FAE}.Debug|Any CPU.ActiveCfg = Debug|Any CPU
		{07C069A1-47D9-467E-B745-A6DB80909FAE}.Debug|Any CPU.Build.0 = Debug|Any CPU
		{07C069A1-47D9-467E-B745-A6DB80909FAE}.Release|Any CPU.ActiveCfg = Release|Any CPU
		{07C069A1-47D9-467E-B745-A6DB80909FAE}.Release|Any CPU.Build.0 = Release|Any CPU
		{32338B38-6225-4C44-9F55-8ECD02E23916}.Debug|Any CPU.ActiveCfg = Debug|Any CPU
		{32338B38-6225-4C44-9F55-8ECD02E23916}.Debug|Any CPU.Build.0 = Debug|Any CPU
		{32338B38-6225-4C44-9F55-8ECD02E23916}.Release|Any CPU.ActiveCfg = Release|Any CPU
		{32338B38-6225-4C44-9F55-8ECD02E23916}.Release|Any CPU.Build.0 = Release|Any CPU
	EndGlobalSection
	GlobalSection(NestedProjects) = preSolution
		{0489EA05-388A-4900-AA97-E2F117B2BD55} = {DA8FD59E-7180-4BB3-ABAC-AB5297C70E12}
		{23DB37DB-08E7-4BEC-B335-7B0312F2FB85} = {DA8FD59E-7180-4BB3-ABAC-AB5297C70E12}
		{FA49DDDD-2978-401F-9FBE-C5B4FC34D450} = {5E850C09-E2AD-4117-8653-FECD4A6F7C02}
		{07C069A1-47D9-467E-B745-A6DB80909FAE} = {DA8FD59E-7180-4BB3-ABAC-AB5297C70E12}
		{32338B38-6225-4C44-9F55-8ECD02E23916} = {DA8FD59E-7180-4BB3-ABAC-AB5297C70E12}
	EndGlobalSection
EndGlobal
